
Microsoft Visual Studio Solution File, Format Version 12.00
# Visual Studio 15
VisualStudioVersion = 15.0.27703.2026
MinimumVisualStudioVersion = 10.0.40219.1
Project("{9A19103F-16F7-4668-BE54-9A1E7A4F7556}") = "ESFA.DC.OPA.Model", "ESFA.DC.OPA.Model\ESFA.DC.OPA.Model.csproj", "{C4ACC2DF-5B51-48B2-BB8D-2C11958E918B}"
EndProject
Project("{9A19103F-16F7-4668-BE54-9A1E7A4F7556}") = "ESFA.DC.OPA.Model.Interface", "ESFA.DC.OPA.Model.Interface\ESFA.DC.OPA.Model.Interface.csproj", "{144F0718-EA1C-46BC-B630-A8077F63D929}"
EndProject
Project("{FAE04EC0-301F-11D3-BF4B-00C04F79EFBC}") = "ESFA.DC.OPA.Model.Tests", "ESFA.DC.OPA.Model.Tests\ESFA.DC.OPA.Model.Tests.csproj", "{B3EDEACC-5F17-44AA-9B09-529CDC49B11C}"
EndProject
Project("{9A19103F-16F7-4668-BE54-9A1E7A4F7556}") = "ESFA.DC.OPA.Service", "ESFA.DC.OPA.Service\ESFA.DC.OPA.Service.csproj", "{0BEED34A-ECAF-4AE3-9CC6-7E5B092B46B4}"
EndProject
Project("{9A19103F-16F7-4668-BE54-9A1E7A4F7556}") = "ESFA.DC.OPA.Service.Interface", "ESFA.DC.OPA.Service.Interface\ESFA.DC.OPA.Service.Interface.csproj", "{521BC1A2-6059-44DF-9C9B-2C660118523C}"
EndProject
Project("{FAE04EC0-301F-11D3-BF4B-00C04F79EFBC}") = "ESFA.DC.OPA.Service.Tests", "ESFA.DC.OPA.Service.Tests\ESFA.DC.OPA.Service.Tests.csproj", "{DAB31798-17DD-4C50-9D0E-ADB431AB0CDD}"
EndProject
Project("{9A19103F-16F7-4668-BE54-9A1E7A4F7556}") = "ESFA.DC.OPA.XSRC.Model", "ESFA.DC.OPA.XSRC.Model\ESFA.DC.OPA.XSRC.Model.csproj", "{C26C94D0-DC89-4281-931B-EBEF7ACCFFF9}"
EndProject
Project("{9A19103F-16F7-4668-BE54-9A1E7A4F7556}") = "ESFA.DC.OPA.XSRC.Model.Interface", "ESFA.DC.OPA.XSRC.Model.Interface\ESFA.DC.OPA.XSRC.Model.Interface.csproj", "{6304C85A-DD9D-4C59-A82A-A5AEAA66F0F9}"
EndProject
Project("{FAE04EC0-301F-11D3-BF4B-00C04F79EFBC}") = "ESFA.DC.OPA.XSRC.Model.Tests", "ESFA.DC.OPA.XSRC.Model.Tests\ESFA.DC.OPA.XSRC.Model.Tests.csproj", "{2C486D66-E63E-4FDF-8047-279CE14F2A87}"
EndProject
Project("{9A19103F-16F7-4668-BE54-9A1E7A4F7556}") = "ESFA.DC.OPA.XSRC.Service", "ESFA.DC.OPA.XSRC.Service\ESFA.DC.OPA.XSRC.Service.csproj", "{3FB95FCB-0AE2-4A04-892D-0C76CD133890}"
EndProject
Project("{9A19103F-16F7-4668-BE54-9A1E7A4F7556}") = "ESFA.DC.OPA.XSRC.Service.Interface", "ESFA.DC.OPA.XSRC.Service.Interface\ESFA.DC.OPA.XSRC.Service.Interface.csproj", "{98A5B4AB-4CF7-4DAD-B6CA-ABBB47B11CFB}"
EndProject
Project("{FAE04EC0-301F-11D3-BF4B-00C04F79EFBC}") = "ESFA.DC.OPA.XSRC.Service.Tests", "ESFA.DC.OPA.XSRC.Service.Tests\ESFA.DC.OPA.XSRC.Service.Tests.csproj", "{4416732C-690E-4092-9E2A-EE96682CEF80}"
EndProject
Global
	GlobalSection(SolutionConfigurationPlatforms) = preSolution
		Debug|Any CPU = Debug|Any CPU
		Release|Any CPU = Release|Any CPU
	EndGlobalSection
	GlobalSection(ProjectConfigurationPlatforms) = postSolution
		{C4ACC2DF-5B51-48B2-BB8D-2C11958E918B}.Debug|Any CPU.ActiveCfg = Debug|Any CPU
		{C4ACC2DF-5B51-48B2-BB8D-2C11958E918B}.Debug|Any CPU.Build.0 = Debug|Any CPU
		{C4ACC2DF-5B51-48B2-BB8D-2C11958E918B}.Release|Any CPU.ActiveCfg = Release|Any CPU
		{C4ACC2DF-5B51-48B2-BB8D-2C11958E918B}.Release|Any CPU.Build.0 = Release|Any CPU
		{144F0718-EA1C-46BC-B630-A8077F63D929}.Debug|Any CPU.ActiveCfg = Debug|Any CPU
		{144F0718-EA1C-46BC-B630-A8077F63D929}.Debug|Any CPU.Build.0 = Debug|Any CPU
		{144F0718-EA1C-46BC-B630-A8077F63D929}.Release|Any CPU.ActiveCfg = Release|Any CPU
		{144F0718-EA1C-46BC-B630-A8077F63D929}.Release|Any CPU.Build.0 = Release|Any CPU
		{B3EDEACC-5F17-44AA-9B09-529CDC49B11C}.Debug|Any CPU.ActiveCfg = Debug|Any CPU
		{B3EDEACC-5F17-44AA-9B09-529CDC49B11C}.Debug|Any CPU.Build.0 = Debug|Any CPU
		{B3EDEACC-5F17-44AA-9B09-529CDC49B11C}.Release|Any CPU.ActiveCfg = Release|Any CPU
		{B3EDEACC-5F17-44AA-9B09-529CDC49B11C}.Release|Any CPU.Build.0 = Release|Any CPU
		{0BEED34A-ECAF-4AE3-9CC6-7E5B092B46B4}.Debug|Any CPU.ActiveCfg = Debug|Any CPU
		{0BEED34A-ECAF-4AE3-9CC6-7E5B092B46B4}.Debug|Any CPU.Build.0 = Debug|Any CPU
		{0BEED34A-ECAF-4AE3-9CC6-7E5B092B46B4}.Release|Any CPU.ActiveCfg = Release|Any CPU
		{0BEED34A-ECAF-4AE3-9CC6-7E5B092B46B4}.Release|Any CPU.Build.0 = Release|Any CPU
		{521BC1A2-6059-44DF-9C9B-2C660118523C}.Debug|Any CPU.ActiveCfg = Debug|Any CPU
		{521BC1A2-6059-44DF-9C9B-2C660118523C}.Debug|Any CPU.Build.0 = Debug|Any CPU
		{521BC1A2-6059-44DF-9C9B-2C660118523C}.Release|Any CPU.ActiveCfg = Release|Any CPU
		{521BC1A2-6059-44DF-9C9B-2C660118523C}.Release|Any CPU.Build.0 = Release|Any CPU
		{DAB31798-17DD-4C50-9D0E-ADB431AB0CDD}.Debug|Any CPU.ActiveCfg = Debug|Any CPU
		{DAB31798-17DD-4C50-9D0E-ADB431AB0CDD}.Debug|Any CPU.Build.0 = Debug|Any CPU
		{DAB31798-17DD-4C50-9D0E-ADB431AB0CDD}.Release|Any CPU.ActiveCfg = Release|Any CPU
		{DAB31798-17DD-4C50-9D0E-ADB431AB0CDD}.Release|Any CPU.Build.0 = Release|Any CPU
		{C26C94D0-DC89-4281-931B-EBEF7ACCFFF9}.Debug|Any CPU.ActiveCfg = Debug|Any CPU
		{C26C94D0-DC89-4281-931B-EBEF7ACCFFF9}.Debug|Any CPU.Build.0 = Debug|Any CPU
		{C26C94D0-DC89-4281-931B-EBEF7ACCFFF9}.Release|Any CPU.ActiveCfg = Release|Any CPU
		{C26C94D0-DC89-4281-931B-EBEF7ACCFFF9}.Release|Any CPU.Build.0 = Release|Any CPU
		{6304C85A-DD9D-4C59-A82A-A5AEAA66F0F9}.Debug|Any CPU.ActiveCfg = Debug|Any CPU
		{6304C85A-DD9D-4C59-A82A-A5AEAA66F0F9}.Debug|Any CPU.Build.0 = Debug|Any CPU
		{6304C85A-DD9D-4C59-A82A-A5AEAA66F0F9}.Release|Any CPU.ActiveCfg = Release|Any CPU
		{6304C85A-DD9D-4C59-A82A-A5AEAA66F0F9}.Release|Any CPU.Build.0 = Release|Any CPU
		{2C486D66-E63E-4FDF-8047-279CE14F2A87}.Debug|Any CPU.ActiveCfg = Debug|Any CPU
		{2C486D66-E63E-4FDF-8047-279CE14F2A87}.Debug|Any CPU.Build.0 = Debug|Any CPU
		{2C486D66-E63E-4FDF-8047-279CE14F2A87}.Release|Any CPU.ActiveCfg = Release|Any CPU
		{2C486D66-E63E-4FDF-8047-279CE14F2A87}.Release|Any CPU.Build.0 = Release|Any CPU
		{3FB95FCB-0AE2-4A04-892D-0C76CD133890}.Debug|Any CPU.ActiveCfg = Debug|Any CPU
		{3FB95FCB-0AE2-4A04-892D-0C76CD133890}.Debug|Any CPU.Build.0 = Debug|Any CPU
		{3FB95FCB-0AE2-4A04-892D-0C76CD133890}.Release|Any CPU.ActiveCfg = Release|Any CPU
		{3FB95FCB-0AE2-4A04-892D-0C76CD133890}.Release|Any CPU.Build.0 = Release|Any CPU
		{98A5B4AB-4CF7-4DAD-B6CA-ABBB47B11CFB}.Debug|Any CPU.ActiveCfg = Debug|Any CPU
		{98A5B4AB-4CF7-4DAD-B6CA-ABBB47B11CFB}.Debug|Any CPU.Build.0 = Debug|Any CPU
		{98A5B4AB-4CF7-4DAD-B6CA-ABBB47B11CFB}.Release|Any CPU.ActiveCfg = Release|Any CPU
		{98A5B4AB-4CF7-4DAD-B6CA-ABBB47B11CFB}.Release|Any CPU.Build.0 = Release|Any CPU
		{4416732C-690E-4092-9E2A-EE96682CEF80}.Debug|Any CPU.ActiveCfg = Debug|Any CPU
		{4416732C-690E-4092-9E2A-EE96682CEF80}.Debug|Any CPU.Build.0 = Debug|Any CPU
		{4416732C-690E-4092-9E2A-EE96682CEF80}.Release|Any CPU.ActiveCfg = Release|Any CPU
		{4416732C-690E-4092-9E2A-EE96682CEF80}.Release|Any CPU.Build.0 = Release|Any CPU
	EndGlobalSection
	GlobalSection(SolutionProperties) = preSolution
		HideSolutionNode = FALSE
	EndGlobalSection
	GlobalSection(ExtensibilityGlobals) = postSolution
		SolutionGuid = {AF319AE1-EE98-4D98-A404-0F548EF69BAD}
	EndGlobalSection
EndGlobal
